
Microsoft Visual Studio Solution File, Format Version 12.00
# Visual Studio 15
VisualStudioVersion = 15.0.28307.960
MinimumVisualStudioVersion = 10.0.40219.1
Project("{8BC9CEB8-8B4A-11D0-8D11-00A0C91BC942}") = "SixUpsUiAo", "SixUpsUiAo\SixUpsUiAo.vcxproj", "{2106D0BF-0956-4730-A3CC-844CBC64B857}"
EndProject
Global
	GlobalSection(SolutionConfigurationPlatforms) = preSolution
		Debug|x86 = Debug|x86
		Release|x86 = Release|x86
	EndGlobalSection
	GlobalSection(ProjectConfigurationPlatforms) = postSolution
		{2106D0BF-0956-4730-A3CC-844CBC64B857}.Debug|x86.ActiveCfg = Debug|Win32
		{2106D0BF-0956-4730-A3CC-844CBC64B857}.Debug|x86.Build.0 = Debug|Win32
		{2106D0BF-0956-4730-A3CC-844CBC64B857}.Release|x86.ActiveCfg = Release|Win32
		{2106D0BF-0956-4730-A3CC-844CBC64B857}.Release|x86.Build.0 = Release|Win32
	EndGlobalSection
	GlobalSection(SolutionProperties) = preSolution
		HideSolutionNode = FALSE
	EndGlobalSection
	GlobalSection(ExtensibilityGlobals) = postSolution
		SolutionGuid = {ECD31F94-46CF-4EFF-AE11-354C25CED30B}
	EndGlobalSection
EndGlobal
